// !$*UTF8*$!
{
	archiveVersion = 1;
	classes = {
	};
	objectVersion = 56;
	objects = {

/* Begin PBXBuildFile section */
		34624EB229BDA59100518FB4 /* ImagePicker.swift in Sources */ = {isa = PBXBuildFile; fileRef = 34624EB129BDA59100518FB4 /* ImagePicker.swift */; };
		34624EB429BDA5B900518FB4 /* ImagePickerView.swift in Sources */ = {isa = PBXBuildFile; fileRef = 34624EB329BDA5B900518FB4 /* ImagePickerView.swift */; };
		346FAD8729B718B3004CEE9B /* InsightCaptureApp.swift in Sources */ = {isa = PBXBuildFile; fileRef = 346FAD8629B718B3004CEE9B /* InsightCaptureApp.swift */; };
		346FAD8929B718B3004CEE9B /* ContentView.swift in Sources */ = {isa = PBXBuildFile; fileRef = 346FAD8829B718B3004CEE9B /* ContentView.swift */; };
		346FAD8B29B718B4004CEE9B /* Assets.xcassets in Resources */ = {isa = PBXBuildFile; fileRef = 346FAD8A29B718B4004CEE9B /* Assets.xcassets */; };
		346FAD8E29B718B4004CEE9B /* Preview Assets.xcassets in Resources */ = {isa = PBXBuildFile; fileRef = 346FAD8D29B718B4004CEE9B /* Preview Assets.xcassets */; };
		346FAD9F29B7758C004CEE9B /* AddLogView.swift in Sources */ = {isa = PBXBuildFile; fileRef = 346FAD9E29B7758C004CEE9B /* AddLogView.swift */; };
/* End PBXBuildFile section */

/* Begin PBXFileReference section */
		34624EB129BDA59100518FB4 /* ImagePicker.swift */ = {isa = PBXFileReference; lastKnownFileType = sourcecode.swift; path = ImagePicker.swift; sourceTree = "<group>"; };
		34624EB329BDA5B900518FB4 /* ImagePickerView.swift */ = {isa = PBXFileReference; lastKnownFileType = sourcecode.swift; path = ImagePickerView.swift; sourceTree = "<group>"; };
		346FAD8329B718B3004CEE9B /* InsightCapture.app */ = {isa = PBXFileReference; explicitFileType = wrapper.application; includeInIndex = 0; path = InsightCapture.app; sourceTree = BUILT_PRODUCTS_DIR; };
		346FAD8629B718B3004CEE9B /* InsightCaptureApp.swift */ = {isa = PBXFileReference; lastKnownFileType = sourcecode.swift; path = InsightCaptureApp.swift; sourceTree = "<group>"; };
		346FAD8829B718B3004CEE9B /* ContentView.swift */ = {isa = PBXFileReference; lastKnownFileType = sourcecode.swift; path = ContentView.swift; sourceTree = "<group>"; };
		346FAD8A29B718B4004CEE9B /* Assets.xcassets */ = {isa = PBXFileReference; lastKnownFileType = folder.assetcatalog; path = Assets.xcassets; sourceTree = "<group>"; };
		346FAD8D29B718B4004CEE9B /* Preview Assets.xcassets */ = {isa = PBXFileReference; lastKnownFileType = folder.assetcatalog; path = "Preview Assets.xcassets"; sourceTree = "<group>"; };
		346FAD9E29B7758C004CEE9B /* AddLogView.swift */ = {isa = PBXFileReference; lastKnownFileType = sourcecode.swift; path = AddLogView.swift; sourceTree = "<group>"; };
/* End PBXFileReference section */

/* Begin PBXFrameworksBuildPhase section */
		346FAD8029B718B3004CEE9B /* Frameworks */ = {
			isa = PBXFrameworksBuildPhase;
			buildActionMask = 2147483647;
			files = (
			);
			runOnlyForDeploymentPostprocessing = 0;
		};
/* End PBXFrameworksBuildPhase section */

/* Begin PBXGroup section */
		341581F629BD9CC9006F7CBB /* test_scrape */ = {
			isa = PBXGroup;
			children = (
				346FAD9E29B7758C004CEE9B /* AddLogView.swift */,
				34624EB129BDA59100518FB4 /* ImagePicker.swift */,
				34624EB329BDA5B900518FB4 /* ImagePickerView.swift */,
			);
			path = test_scrape;
			sourceTree = "<group>";
		};
		346FAD7A29B718B3004CEE9B = {
			isa = PBXGroup;
			children = (
				346FAD8529B718B3004CEE9B /* InsightCapture */,
				346FAD8429B718B3004CEE9B /* Products */,
			);
			sourceTree = "<group>";
		};
		346FAD8429B718B3004CEE9B /* Products */ = {
			isa = PBXGroup;
			children = (
				346FAD8329B718B3004CEE9B /* InsightCapture.app */,
			);
			name = Products;
			sourceTree = "<group>";
		};
		346FAD8529B718B3004CEE9B /* InsightCapture */ = {
			isa = PBXGroup;
			children = (
				346FAD8629B718B3004CEE9B /* InsightCaptureApp.swift */,
				346FAD8829B718B3004CEE9B /* ContentView.swift */,
				341581F629BD9CC9006F7CBB /* test_scrape */,
				346FAD8A29B718B4004CEE9B /* Assets.xcassets */,
				346FAD8C29B718B4004CEE9B /* Preview Content */,
			);
			path = InsightCapture;
			sourceTree = "<group>";
		};
		346FAD8C29B718B4004CEE9B /* Preview Content */ = {
			isa = PBXGroup;
			children = (
				346FAD8D29B718B4004CEE9B /* Preview Assets.xcassets */,
			);
			path = "Preview Content";
			sourceTree = "<group>";
		};
/* End PBXGroup section */

/* Begin PBXNativeTarget section */
		346FAD8229B718B3004CEE9B /* InsightCapture */ = {
			isa = PBXNativeTarget;
			buildConfigurationList = 346FAD9129B718B4004CEE9B /* Build configuration list for PBXNativeTarget "InsightCapture" */;
			buildPhases = (
				346FAD7F29B718B3004CEE9B /* Sources */,
				346FAD8029B718B3004CEE9B /* Frameworks */,
				346FAD8129B718B3004CEE9B /* Resources */,
			);
			buildRules = (
			);
			dependencies = (
			);
			name = InsightCapture;
			productName = InsightCapture;
			productReference = 346FAD8329B718B3004CEE9B /* InsightCapture.app */;
			productType = "com.apple.product-type.application";
		};
/* End PBXNativeTarget section */

/* Begin PBXProject section */
		346FAD7B29B718B3004CEE9B /* Project object */ = {
			isa = PBXProject;
			attributes = {
				BuildIndependentTargetsInParallel = 1;
				LastSwiftUpdateCheck = 1420;
				LastUpgradeCheck = 1420;
				TargetAttributes = {
					346FAD8229B718B3004CEE9B = {
						CreatedOnToolsVersion = 14.2;
					};
				};
			};
			buildConfigurationList = 346FAD7E29B718B3004CEE9B /* Build configuration list for PBXProject "InsightCapture" */;
			compatibilityVersion = "Xcode 14.0";
			developmentRegion = en;
			hasScannedForEncodings = 0;
			knownRegions = (
				en,
				Base,
			);
			mainGroup = 346FAD7A29B718B3004CEE9B;
			productRefGroup = 346FAD8429B718B3004CEE9B /* Products */;
			projectDirPath = "";
			projectRoot = "";
			targets = (
				346FAD8229B718B3004CEE9B /* InsightCapture */,
			);
		};
/* End PBXProject section */

/* Begin PBXResourcesBuildPhase section */
		346FAD8129B718B3004CEE9B /* Resources */ = {
			isa = PBXResourcesBuildPhase;
			buildActionMask = 2147483647;
			files = (
				346FAD8E29B718B4004CEE9B /* Preview Assets.xcassets in Resources */,
				346FAD8B29B718B4004CEE9B /* Assets.xcassets in Resources */,
			);
			runOnlyForDeploymentPostprocessing = 0;
		};
/* End PBXResourcesBuildPhase section */

/* Begin PBXSourcesBuildPhase section */
		346FAD7F29B718B3004CEE9B /* Sources */ = {
			isa = PBXSourcesBuildPhase;
			buildActionMask = 2147483647;
			files = (
				346FAD8929B718B3004CEE9B /* ContentView.swift in Sources */,
				34624EB229BDA59100518FB4 /* ImagePicker.swift in Sources */,
				346FAD9F29B7758C004CEE9B /* AddLogView.swift in Sources */,
				346FAD8729B718B3004CEE9B /* InsightCaptureApp.swift in Sources */,
				34624EB429BDA5B900518FB4 /* ImagePickerView.swift in Sources */,
			);
			runOnlyForDeploymentPostprocessing = 0;
		};
/* End PBXSourcesBuildPhase section */

/* Begin XCBuildConfiguration section */
		346FAD8F29B718B4004CEE9B /* Debug */ = {
			isa = XCBuildConfiguration;
			buildSettings = {
				ALWAYS_SEARCH_USER_PATHS = NO;
				CLANG_ANALYZER_NONNULL = YES;
				CLANG_ANALYZER_NUMBER_OBJECT_CONVERSION = YES_AGGRESSIVE;
				CLANG_CXX_LANGUAGE_STANDARD = "gnu++20";
				CLANG_ENABLE_MODULES = YES;
				CLANG_ENABLE_OBJC_ARC = YES;
				CLANG_ENABLE_OBJC_WEAK = YES;
				CLANG_WARN_BLOCK_CAPTURE_AUTORELEASING = YES;
				CLANG_WARN_BOOL_CONVERSION = YES;
				CLANG_WARN_COMMA = YES;
				CLANG_WARN_CONSTANT_CONVERSION = YES;
				CLANG_WARN_DEPRECATED_OBJC_IMPLEMENTATIONS = YES;
				CLANG_WARN_DIRECT_OBJC_ISA_USAGE = YES_ERROR;
				CLANG_WARN_DOCUMENTATION_COMMENTS = YES;
				CLANG_WARN_EMPTY_BODY = YES;
				CLANG_WARN_ENUM_CONVERSION = YES;
				CLANG_WARN_INFINITE_RECURSION = YES;
				CLANG_WARN_INT_CONVERSION = YES;
				CLANG_WARN_NON_LITERAL_NULL_CONVERSION = YES;
				CLANG_WARN_OBJC_IMPLICIT_RETAIN_SELF = YES;
				CLANG_WARN_OBJC_LITERAL_CONVERSION = YES;
				CLANG_WARN_OBJC_ROOT_CLASS = YES_ERROR;
				CLANG_WARN_QUOTED_INCLUDE_IN_FRAMEWORK_HEADER = YES;
				CLANG_WARN_RANGE_LOOP_ANALYSIS = YES;
				CLANG_WARN_STRICT_PROTOTYPES = YES;
				CLANG_WARN_SUSPICIOUS_MOVE = YES;
				CLANG_WARN_UNGUARDED_AVAILABILITY = YES_AGGRESSIVE;
				CLANG_WARN_UNREACHABLE_CODE = YES;
				CLANG_WARN__DUPLICATE_METHOD_MATCH = YES;
				COPY_PHASE_STRIP = NO;
				DEBUG_INFORMATION_FORMAT = dwarf;
				ENABLE_STRICT_OBJC_MSGSEND = YES;
				ENABLE_TESTABILITY = YES;
				GCC_C_LANGUAGE_STANDARD = gnu11;
				GCC_DYNAMIC_NO_PIC = NO;
				GCC_NO_COMMON_BLOCKS = YES;
				GCC_OPTIMIZATION_LEVEL = 0;
				GCC_PREPROCESSOR_DEFINITIONS = (
					"DEBUG=1",
					"$(inherited)",
				);
				GCC_WARN_64_TO_32_BIT_CONVERSION = YES;
				GCC_WARN_ABOUT_RETURN_TYPE = YES_ERROR;
				GCC_WARN_UNDECLARED_SELECTOR = YES;
				GCC_WARN_UNINITIALIZED_AUTOS = YES_AGGRESSIVE;
				GCC_WARN_UNUSED_FUNCTION = YES;
				GCC_WARN_UNUSED_VARIABLE = YES;
				IPHONEOS_DEPLOYMENT_TARGET = 16.2;
				MTL_ENABLE_DEBUG_INFO = INCLUDE_SOURCE;
				MTL_FAST_MATH = YES;
				ONLY_ACTIVE_ARCH = YES;
				SDKROOT = iphoneos;
				SWIFT_ACTIVE_COMPILATION_CONDITIONS = DEBUG;
				SWIFT_OPTIMIZATION_LEVEL = "-Onone";
			};
			name = Debug;
		};
		346FAD9029B718B4004CEE9B /* Release */ = {
			isa = XCBuildConfiguration;
			buildSettings = {
				ALWAYS_SEARCH_USER_PATHS = NO;
				CLANG_ANALYZER_NONNULL = YES;
				CLANG_ANALYZER_NUMBER_OBJECT_CONVERSION = YES_AGGRESSIVE;
				CLANG_CXX_LANGUAGE_STANDARD = "gnu++20";
				CLANG_ENABLE_MODULES = YES;
				CLANG_ENABLE_OBJC_ARC = YES;
				CLANG_ENABLE_OBJC_WEAK = YES;
				CLANG_WARN_BLOCK_CAPTURE_AUTORELEASING = YES;
				CLANG_WARN_BOOL_CONVERSION = YES;
				CLANG_WARN_COMMA = YES;
				CLANG_WARN_CONSTANT_CONVERSION = YES;
				CLANG_WARN_DEPRECATED_OBJC_IMPLEMENTATIONS = YES;
				CLANG_WARN_DIRECT_OBJC_ISA_USAGE = YES_ERROR;
				CLANG_WARN_DOCUMENTATION_COMMENTS = YES;
				CLANG_WARN_EMPTY_BODY = YES;
				CLANG_WARN_ENUM_CONVERSION = YES;
				CLANG_WARN_INFINITE_RECURSION = YES;
				CLANG_WARN_INT_CONVERSION = YES;
				CLANG_WARN_NON_LITERAL_NULL_CONVERSION = YES;
				CLANG_WARN_OBJC_IMPLICIT_RETAIN_SELF = YES;
				CLANG_WARN_OBJC_LITERAL_CONVERSION = YES;
				CLANG_WARN_OBJC_ROOT_CLASS = YES_ERROR;
				CLANG_WARN_QUOTED_INCLUDE_IN_FRAMEWORK_HEADER = YES;
				CLANG_WARN_RANGE_LOOP_ANALYSIS = YES;
				CLANG_WARN_STRICT_PROTOTYPES = YES;
				CLANG_WARN_SUSPICIOUS_MOVE = YES;
				CLANG_WARN_UNGUARDED_AVAILABILITY = YES_AGGRESSIVE;
				CLANG_WARN_UNREACHABLE_CODE = YES;
				CLANG_WARN__DUPLICATE_METHOD_MATCH = YES;
				COPY_PHASE_STRIP = NO;
				DEBUG_INFORMATION_FORMAT = "dwarf-with-dsym";
				ENABLE_NS_ASSERTIONS = NO;
				ENABLE_STRICT_OBJC_MSGSEND = YES;
				GCC_C_LANGUAGE_STANDARD = gnu11;
				GCC_NO_COMMON_BLOCKS = YES;
				GCC_WARN_64_TO_32_BIT_CONVERSION = YES;
				GCC_WARN_ABOUT_RETURN_TYPE = YES_ERROR;
				GCC_WARN_UNDECLARED_SELECTOR = YES;
				GCC_WARN_UNINITIALIZED_AUTOS = YES_AGGRESSIVE;
				GCC_WARN_UNUSED_FUNCTION = YES;
				GCC_WARN_UNUSED_VARIABLE = YES;
				IPHONEOS_DEPLOYMENT_TARGET = 16.2;
				MTL_ENABLE_DEBUG_INFO = NO;
				MTL_FAST_MATH = YES;
				SDKROOT = iphoneos;
				SWIFT_COMPILATION_MODE = wholemodule;
				SWIFT_OPTIMIZATION_LEVEL = "-O";
				VALIDATE_PRODUCT = YES;
			};
			name = Release;
		};
		346FAD9229B718B4004CEE9B /* Debug */ = {
			isa = XCBuildConfiguration;
			buildSettings = {
				ASSETCATALOG_COMPILER_APPICON_NAME = AppIcon;
				ASSETCATALOG_COMPILER_GLOBAL_ACCENT_COLOR_NAME = AccentColor;
				CODE_SIGN_STYLE = Automatic;
				CURRENT_PROJECT_VERSION = 1;
				DEVELOPMENT_ASSET_PATHS = "\"InsightCapture/Preview Content\"";
				DEVELOPMENT_TEAM = JPL38XBHJ4;
				ENABLE_PREVIEWS = YES;
				GENERATE_INFOPLIST_FILE = YES;
				INFOPLIST_KEY_UIApplicationSceneManifest_Generation = YES;
				INFOPLIST_KEY_UIApplicationSupportsIndirectInputEvents = YES;
				INFOPLIST_KEY_UILaunchScreen_Generation = YES;
				INFOPLIST_KEY_UISupportedInterfaceOrientations_iPad = "UIInterfaceOrientationPortrait UIInterfaceOrientationPortraitUpsideDown UIInterfaceOrientationLandscapeLeft UIInterfaceOrientationLandscapeRight";
				INFOPLIST_KEY_UISupportedInterfaceOrientations_iPhone = "UIInterfaceOrientationPortrait UIInterfaceOrientationLandscapeLeft UIInterfaceOrientationLandscapeRight";
				LD_RUNPATH_SEARCH_PATHS = (
					"$(inherited)",
					"@executable_path/Frameworks",
				);
				MARKETING_VERSION = 1.0;
				PRODUCT_BUNDLE_IDENTIFIER = com.led.InsightCapture;
				PRODUCT_NAME = "$(TARGET_NAME)";
				SWIFT_EMIT_LOC_STRINGS = YES;
				SWIFT_VERSION = 5.0;
				TARGETED_DEVICE_FAMILY = "1,2";
			};
			name = Debug;
		};
		346FAD9329B718B4004CEE9B /* Release */ = {
			isa = XCBuildConfiguration;
			buildSettings = {
				ASSETCATALOG_COMPILER_APPICON_NAME = AppIcon;
				ASSETCATALOG_COMPILER_GLOBAL_ACCENT_COLOR_NAME = AccentColor;
				CODE_SIGN_STYLE = Automatic;
				CURRENT_PROJECT_VERSION = 1;
				DEVELOPMENT_ASSET_PATHS = "\"InsightCapture/Preview Content\"";
				DEVELOPMENT_TEAM = JPL38XBHJ4;
				ENABLE_PREVIEWS = YES;
				GENERATE_INFOPLIST_FILE = YES;
				INFOPLIST_KEY_UIApplicationSceneManifest_Generation = YES;
				INFOPLIST_KEY_UIApplicationSupportsIndirectInputEvents = YES;
				INFOPLIST_KEY_UILaunchScreen_Generation = YES;
				INFOPLIST_KEY_UISupportedInterfaceOrientations_iPad = "UIInterfaceOrientationPortrait UIInterfaceOrientationPortraitUpsideDown UIInterfaceOrientationLandscapeLeft UIInterfaceOrientationLandscapeRight";
				INFOPLIST_KEY_UISupportedInterfaceOrientations_iPhone = "UIInterfaceOrientationPortrait UIInterfaceOrientationLandscapeLeft UIInterfaceOrientationLandscapeRight";
				LD_RUNPATH_SEARCH_PATHS = (
					"$(inherited)",
					"@executable_path/Frameworks",
				);
				MARKETING_VERSION = 1.0;
				PRODUCT_BUNDLE_IDENTIFIER = com.led.InsightCapture;
				PRODUCT_NAME = "$(TARGET_NAME)";
				SWIFT_EMIT_LOC_STRINGS = YES;
				SWIFT_VERSION = 5.0;
				TARGETED_DEVICE_FAMILY = "1,2";
			};
			name = Release;
		};
/* End XCBuildConfiguration section */

/* Begin XCConfigurationList section */
		346FAD7E29B718B3004CEE9B /* Build configuration list for PBXProject "InsightCapture" */ = {
			isa = XCConfigurationList;
			buildConfigurations = (
				346FAD8F29B718B4004CEE9B /* Debug */,
				346FAD9029B718B4004CEE9B /* Release */,
			);
			defaultConfigurationIsVisible = 0;
			defaultConfigurationName = Release;
		};
		346FAD9129B718B4004CEE9B /* Build configuration list for PBXNativeTarget "InsightCapture" */ = {
			isa = XCConfigurationList;
			buildConfigurations = (
				346FAD9229B718B4004CEE9B /* Debug */,
				346FAD9329B718B4004CEE9B /* Release */,
			);
			defaultConfigurationIsVisible = 0;
			defaultConfigurationName = Release;
		};
/* End XCConfigurationList section */
	};
	rootObject = 346FAD7B29B718B3004CEE9B /* Project object */;
}
