// !$*UTF8*$!
{
	archiveVersion = 1;
	classes = {
	};
	objectVersion = 56;
	objects = {

/* Begin PBXBuildFile section */
		34624F1029C1C11400518FB4 /* SnapKit in Frameworks */ = {isa = PBXBuildFile; productRef = 34624F0F29C1C11400518FB4 /* SnapKit */; };
		34624F3029CAE57D00518FB4 /* ShareViewController.swift in Sources */ = {isa = PBXBuildFile; fileRef = 34624F2F29CAE57D00518FB4 /* ShareViewController.swift */; };
		34624F3329CAE57D00518FB4 /* MainInterface.storyboard in Resources */ = {isa = PBXBuildFile; fileRef = 34624F3129CAE57D00518FB4 /* MainInterface.storyboard */; };
		34624F3729CAE57D00518FB4 /* share.appex in Embed Foundation Extensions */ = {isa = PBXBuildFile; fileRef = 34624F2D29CAE57D00518FB4 /* share.appex */; settings = {ATTRIBUTES = (RemoveHeadersOnCopy, ); }; };
		34624F3D29CAE61000518FB4 /* SnapKit in Frameworks */ = {isa = PBXBuildFile; productRef = 34624F3C29CAE61000518FB4 /* SnapKit */; };
		34624F4029CB300A00518FB4 /* UIColor+.swift in Sources */ = {isa = PBXBuildFile; fileRef = 34624F3F29CB300A00518FB4 /* UIColor+.swift */; };
		34624F4129CB302F00518FB4 /* UIColor+.swift in Sources */ = {isa = PBXBuildFile; fileRef = 34624F3F29CB300A00518FB4 /* UIColor+.swift */; };
		34624F4529CC9FDA00518FB4 /* InsightDataModel.xcdatamodeld in Sources */ = {isa = PBXBuildFile; fileRef = 34624F4329CC9FDA00518FB4 /* InsightDataModel.xcdatamodeld */; };
		34624F4629CCA10D00518FB4 /* InsightDataModel.xcdatamodeld in Sources */ = {isa = PBXBuildFile; fileRef = 34624F4329CC9FDA00518FB4 /* InsightDataModel.xcdatamodeld */; };
		34624F4929CCA13D00518FB4 /* InsightData+CoreDataClass.swift in Sources */ = {isa = PBXBuildFile; fileRef = 34624F4729CCA13D00518FB4 /* InsightData+CoreDataClass.swift */; };
		34624F4A29CCA13D00518FB4 /* InsightData+CoreDataProperties.swift in Sources */ = {isa = PBXBuildFile; fileRef = 34624F4829CCA13D00518FB4 /* InsightData+CoreDataProperties.swift */; };
		34624F4C29CCA22C00518FB4 /* CoreDataManager.swift in Sources */ = {isa = PBXBuildFile; fileRef = 34624F4B29CCA22C00518FB4 /* CoreDataManager.swift */; };
		34624F4D29CCA22C00518FB4 /* CoreDataManager.swift in Sources */ = {isa = PBXBuildFile; fileRef = 34624F4B29CCA22C00518FB4 /* CoreDataManager.swift */; };
		34624F5029CCA3F000518FB4 /* InsightData+CoreDataClass.swift in Sources */ = {isa = PBXBuildFile; fileRef = 34624F4729CCA13D00518FB4 /* InsightData+CoreDataClass.swift */; };
		34624F5129CCA3F400518FB4 /* InsightData+CoreDataProperties.swift in Sources */ = {isa = PBXBuildFile; fileRef = 34624F4829CCA13D00518FB4 /* InsightData+CoreDataProperties.swift */; };
		34624F5329CEDD9E00518FB4 /* Insight.swift in Sources */ = {isa = PBXBuildFile; fileRef = 34624F5229CEDD9E00518FB4 /* Insight.swift */; };
		34624F5429CEDF7600518FB4 /* Insight.swift in Sources */ = {isa = PBXBuildFile; fileRef = 34624F5229CEDD9E00518FB4 /* Insight.swift */; };
		34624F5C29D1335800518FB4 /* InsightListCardView.swift in Sources */ = {isa = PBXBuildFile; fileRef = 34624F5B29D1335800518FB4 /* InsightListCardView.swift */; };
		346FAD8729B718B3004CEE9B /* InsightCaptureApp.swift in Sources */ = {isa = PBXBuildFile; fileRef = 346FAD8629B718B3004CEE9B /* InsightCaptureApp.swift */; };
		346FAD8929B718B3004CEE9B /* ContentView.swift in Sources */ = {isa = PBXBuildFile; fileRef = 346FAD8829B718B3004CEE9B /* ContentView.swift */; };
		346FAD8B29B718B4004CEE9B /* Assets.xcassets in Resources */ = {isa = PBXBuildFile; fileRef = 346FAD8A29B718B4004CEE9B /* Assets.xcassets */; };
		346FAD8E29B718B4004CEE9B /* Preview Assets.xcassets in Resources */ = {isa = PBXBuildFile; fileRef = 346FAD8D29B718B4004CEE9B /* Preview Assets.xcassets */; };
/* End PBXBuildFile section */

/* Begin PBXContainerItemProxy section */
		34624F3529CAE57D00518FB4 /* PBXContainerItemProxy */ = {
			isa = PBXContainerItemProxy;
			containerPortal = 346FAD7B29B718B3004CEE9B /* Project object */;
			proxyType = 1;
			remoteGlobalIDString = 34624F2C29CAE57D00518FB4;
			remoteInfo = share;
		};
/* End PBXContainerItemProxy section */

/* Begin PBXCopyFilesBuildPhase section */
		34624F3829CAE57D00518FB4 /* Embed Foundation Extensions */ = {
			isa = PBXCopyFilesBuildPhase;
			buildActionMask = 2147483647;
			dstPath = "";
			dstSubfolderSpec = 13;
			files = (
				34624F3729CAE57D00518FB4 /* share.appex in Embed Foundation Extensions */,
			);
			name = "Embed Foundation Extensions";
			runOnlyForDeploymentPostprocessing = 0;
		};
/* End PBXCopyFilesBuildPhase section */

/* Begin PBXFileReference section */
		34624F1129C1C12900518FB4 /* Info.plist */ = {isa = PBXFileReference; lastKnownFileType = text.plist; path = Info.plist; sourceTree = "<group>"; };
		34624F2D29CAE57D00518FB4 /* share.appex */ = {isa = PBXFileReference; explicitFileType = "wrapper.app-extension"; includeInIndex = 0; path = share.appex; sourceTree = BUILT_PRODUCTS_DIR; };
		34624F2F29CAE57D00518FB4 /* ShareViewController.swift */ = {isa = PBXFileReference; lastKnownFileType = sourcecode.swift; path = ShareViewController.swift; sourceTree = "<group>"; };
		34624F3229CAE57D00518FB4 /* Base */ = {isa = PBXFileReference; lastKnownFileType = file.storyboard; name = Base; path = Base.lproj/MainInterface.storyboard; sourceTree = "<group>"; };
		34624F3429CAE57D00518FB4 /* Info.plist */ = {isa = PBXFileReference; lastKnownFileType = text.plist.xml; path = Info.plist; sourceTree = "<group>"; };
		34624F3F29CB300A00518FB4 /* UIColor+.swift */ = {isa = PBXFileReference; lastKnownFileType = sourcecode.swift; path = "UIColor+.swift"; sourceTree = "<group>"; };
		34624F4429CC9FDA00518FB4 /* InsightDataModel.xcdatamodel */ = {isa = PBXFileReference; lastKnownFileType = wrapper.xcdatamodel; path = InsightDataModel.xcdatamodel; sourceTree = "<group>"; };
		34624F4729CCA13D00518FB4 /* InsightData+CoreDataClass.swift */ = {isa = PBXFileReference; lastKnownFileType = sourcecode.swift; path = "InsightData+CoreDataClass.swift"; sourceTree = "<group>"; };
		34624F4829CCA13D00518FB4 /* InsightData+CoreDataProperties.swift */ = {isa = PBXFileReference; lastKnownFileType = sourcecode.swift; path = "InsightData+CoreDataProperties.swift"; sourceTree = "<group>"; };
		34624F4B29CCA22C00518FB4 /* CoreDataManager.swift */ = {isa = PBXFileReference; lastKnownFileType = sourcecode.swift; path = CoreDataManager.swift; sourceTree = "<group>"; };
		34624F4E29CCA24800518FB4 /* InsightCapture.entitlements */ = {isa = PBXFileReference; lastKnownFileType = text.plist.entitlements; path = InsightCapture.entitlements; sourceTree = "<group>"; };
		34624F4F29CCA29500518FB4 /* share.entitlements */ = {isa = PBXFileReference; lastKnownFileType = text.plist.entitlements; path = share.entitlements; sourceTree = "<group>"; };
		34624F5229CEDD9E00518FB4 /* Insight.swift */ = {isa = PBXFileReference; lastKnownFileType = sourcecode.swift; path = Insight.swift; sourceTree = "<group>"; };
		34624F5B29D1335800518FB4 /* InsightListCardView.swift */ = {isa = PBXFileReference; lastKnownFileType = sourcecode.swift; path = InsightListCardView.swift; sourceTree = "<group>"; };
		346FAD8329B718B3004CEE9B /* InsightCapture.app */ = {isa = PBXFileReference; explicitFileType = wrapper.application; includeInIndex = 0; path = InsightCapture.app; sourceTree = BUILT_PRODUCTS_DIR; };
		346FAD8629B718B3004CEE9B /* InsightCaptureApp.swift */ = {isa = PBXFileReference; lastKnownFileType = sourcecode.swift; path = InsightCaptureApp.swift; sourceTree = "<group>"; };
		346FAD8829B718B3004CEE9B /* ContentView.swift */ = {isa = PBXFileReference; lastKnownFileType = sourcecode.swift; path = ContentView.swift; sourceTree = "<group>"; };
		346FAD8A29B718B4004CEE9B /* Assets.xcassets */ = {isa = PBXFileReference; lastKnownFileType = folder.assetcatalog; path = Assets.xcassets; sourceTree = "<group>"; };
		346FAD8D29B718B4004CEE9B /* Preview Assets.xcassets */ = {isa = PBXFileReference; lastKnownFileType = folder.assetcatalog; path = "Preview Assets.xcassets"; sourceTree = "<group>"; };
/* End PBXFileReference section */

/* Begin PBXFrameworksBuildPhase section */
		34624F2A29CAE57D00518FB4 /* Frameworks */ = {
			isa = PBXFrameworksBuildPhase;
			buildActionMask = 2147483647;
			files = (
				34624F3D29CAE61000518FB4 /* SnapKit in Frameworks */,
			);
			runOnlyForDeploymentPostprocessing = 0;
		};
		346FAD8029B718B3004CEE9B /* Frameworks */ = {
			isa = PBXFrameworksBuildPhase;
			buildActionMask = 2147483647;
			files = (
				34624F1029C1C11400518FB4 /* SnapKit in Frameworks */,
			);
			runOnlyForDeploymentPostprocessing = 0;
		};
/* End PBXFrameworksBuildPhase section */

/* Begin PBXGroup section */
		34624F1229C1C12E00518FB4 /* Frameworks */ = {
			isa = PBXGroup;
			children = (
			);
			name = Frameworks;
			sourceTree = "<group>";
		};
		34624F2E29CAE57D00518FB4 /* share */ = {
			isa = PBXGroup;
			children = (
				34624F4F29CCA29500518FB4 /* share.entitlements */,
				34624F2F29CAE57D00518FB4 /* ShareViewController.swift */,
				34624F3129CAE57D00518FB4 /* MainInterface.storyboard */,
				34624F3429CAE57D00518FB4 /* Info.plist */,
			);
			path = share;
			sourceTree = "<group>";
		};
		34624F3E29CB2FFB00518FB4 /* Extensions */ = {
			isa = PBXGroup;
			children = (
				34624F3F29CB300A00518FB4 /* UIColor+.swift */,
			);
			path = Extensions;
			sourceTree = "<group>";
		};
		34624F4229CC9EB500518FB4 /* CoreData */ = {
			isa = PBXGroup;
			children = (
				34624F4329CC9FDA00518FB4 /* InsightDataModel.xcdatamodeld */,
				34624F4729CCA13D00518FB4 /* InsightData+CoreDataClass.swift */,
				34624F4829CCA13D00518FB4 /* InsightData+CoreDataProperties.swift */,
				34624F4B29CCA22C00518FB4 /* CoreDataManager.swift */,
				34624F5229CEDD9E00518FB4 /* Insight.swift */,
			);
			path = CoreData;
			sourceTree = "<group>";
		};
		34624F5A29D1330E00518FB4 /* InsightListView */ = {
			isa = PBXGroup;
			children = (
				34624F5B29D1335800518FB4 /* InsightListCardView.swift */,
			);
			path = InsightListView;
			sourceTree = "<group>";
		};
		346FAD7A29B718B3004CEE9B = {
			isa = PBXGroup;
			children = (
				346FAD8529B718B3004CEE9B /* InsightCapture */,
				34624F2E29CAE57D00518FB4 /* share */,
				346FAD8429B718B3004CEE9B /* Products */,
				34624F1229C1C12E00518FB4 /* Frameworks */,
			);
			sourceTree = "<group>";
		};
		346FAD8429B718B3004CEE9B /* Products */ = {
			isa = PBXGroup;
			children = (
				346FAD8329B718B3004CEE9B /* InsightCapture.app */,
				34624F2D29CAE57D00518FB4 /* share.appex */,
			);
			name = Products;
			sourceTree = "<group>";
		};
		346FAD8529B718B3004CEE9B /* InsightCapture */ = {
			isa = PBXGroup;
			children = (
				34C8FD9329D1565F003401CE /* UIComponents */,
				34624F4E29CCA24800518FB4 /* InsightCapture.entitlements */,
				34624F4229CC9EB500518FB4 /* CoreData */,
				34624F3E29CB2FFB00518FB4 /* Extensions */,
				34624F1129C1C12900518FB4 /* Info.plist */,
				346FAD8629B718B3004CEE9B /* InsightCaptureApp.swift */,
				346FAD8829B718B3004CEE9B /* ContentView.swift */,
				34624F5A29D1330E00518FB4 /* InsightListView */,
				346FAD8A29B718B4004CEE9B /* Assets.xcassets */,
				346FAD8C29B718B4004CEE9B /* Preview Content */,
			);
			path = InsightCapture;
			sourceTree = "<group>";
		};
		346FAD8C29B718B4004CEE9B /* Preview Content */ = {
			isa = PBXGroup;
			children = (
				346FAD8D29B718B4004CEE9B /* Preview Assets.xcassets */,
			);
			path = "Preview Content";
			sourceTree = "<group>";
		};
		34C8FD9329D1565F003401CE /* UIComponents */ = {
			isa = PBXGroup;
			children = (
			);
			path = UIComponents;
			sourceTree = "<group>";
		};
/* End PBXGroup section */

/* Begin PBXNativeTarget section */
		34624F2C29CAE57D00518FB4 /* share */ = {
			isa = PBXNativeTarget;
			buildConfigurationList = 34624F3B29CAE57D00518FB4 /* Build configuration list for PBXNativeTarget "share" */;
			buildPhases = (
				34624F2929CAE57D00518FB4 /* Sources */,
				34624F2A29CAE57D00518FB4 /* Frameworks */,
				34624F2B29CAE57D00518FB4 /* Resources */,
			);
			buildRules = (
			);
			dependencies = (
			);
			name = share;
			packageProductDependencies = (
				34624F3C29CAE61000518FB4 /* SnapKit */,
			);
			productName = share;
			productReference = 34624F2D29CAE57D00518FB4 /* share.appex */;
			productType = "com.apple.product-type.app-extension";
		};
		346FAD8229B718B3004CEE9B /* InsightCapture */ = {
			isa = PBXNativeTarget;
			buildConfigurationList = 346FAD9129B718B4004CEE9B /* Build configuration list for PBXNativeTarget "InsightCapture" */;
			buildPhases = (
				346FAD7F29B718B3004CEE9B /* Sources */,
				346FAD8029B718B3004CEE9B /* Frameworks */,
				346FAD8129B718B3004CEE9B /* Resources */,
				34624F3829CAE57D00518FB4 /* Embed Foundation Extensions */,
			);
			buildRules = (
			);
			dependencies = (
				34624F3629CAE57D00518FB4 /* PBXTargetDependency */,
			);
			name = InsightCapture;
			packageProductDependencies = (
				34624F0F29C1C11400518FB4 /* SnapKit */,
			);
			productName = InsightCapture;
			productReference = 346FAD8329B718B3004CEE9B /* InsightCapture.app */;
			productType = "com.apple.product-type.application";
		};
/* End PBXNativeTarget section */

/* Begin PBXProject section */
		346FAD7B29B718B3004CEE9B /* Project object */ = {
			isa = PBXProject;
			attributes = {
				BuildIndependentTargetsInParallel = 1;
				LastSwiftUpdateCheck = 1420;
				LastUpgradeCheck = 1420;
				TargetAttributes = {
					34624F2C29CAE57D00518FB4 = {
						CreatedOnToolsVersion = 14.2;
					};
					346FAD8229B718B3004CEE9B = {
						CreatedOnToolsVersion = 14.2;
					};
				};
			};
			buildConfigurationList = 346FAD7E29B718B3004CEE9B /* Build configuration list for PBXProject "InsightCapture" */;
			compatibilityVersion = "Xcode 14.0";
			developmentRegion = en;
			hasScannedForEncodings = 0;
			knownRegions = (
				en,
				Base,
			);
			mainGroup = 346FAD7A29B718B3004CEE9B;
			packageReferences = (
				34624F0E29C1C11400518FB4 /* XCRemoteSwiftPackageReference "SnapKit" */,
			);
			productRefGroup = 346FAD8429B718B3004CEE9B /* Products */;
			projectDirPath = "";
			projectRoot = "";
			targets = (
				346FAD8229B718B3004CEE9B /* InsightCapture */,
				34624F2C29CAE57D00518FB4 /* share */,
			);
		};
/* End PBXProject section */

/* Begin PBXResourcesBuildPhase section */
		34624F2B29CAE57D00518FB4 /* Resources */ = {
			isa = PBXResourcesBuildPhase;
			buildActionMask = 2147483647;
			files = (
				34624F3329CAE57D00518FB4 /* MainInterface.storyboard in Resources */,
			);
			runOnlyForDeploymentPostprocessing = 0;
		};
		346FAD8129B718B3004CEE9B /* Resources */ = {
			isa = PBXResourcesBuildPhase;
			buildActionMask = 2147483647;
			files = (
				346FAD8E29B718B4004CEE9B /* Preview Assets.xcassets in Resources */,
				346FAD8B29B718B4004CEE9B /* Assets.xcassets in Resources */,
			);
			runOnlyForDeploymentPostprocessing = 0;
		};
/* End PBXResourcesBuildPhase section */

/* Begin PBXSourcesBuildPhase section */
		34624F2929CAE57D00518FB4 /* Sources */ = {
			isa = PBXSourcesBuildPhase;
			buildActionMask = 2147483647;
			files = (
				34624F5129CCA3F400518FB4 /* InsightData+CoreDataProperties.swift in Sources */,
				34624F5029CCA3F000518FB4 /* InsightData+CoreDataClass.swift in Sources */,
				34624F3029CAE57D00518FB4 /* ShareViewController.swift in Sources */,
				34624F4129CB302F00518FB4 /* UIColor+.swift in Sources */,
				34624F5429CEDF7600518FB4 /* Insight.swift in Sources */,
				34624F4D29CCA22C00518FB4 /* CoreDataManager.swift in Sources */,
				34624F4629CCA10D00518FB4 /* InsightDataModel.xcdatamodeld in Sources */,
			);
			runOnlyForDeploymentPostprocessing = 0;
		};
		346FAD7F29B718B3004CEE9B /* Sources */ = {
			isa = PBXSourcesBuildPhase;
			buildActionMask = 2147483647;
			files = (
				34624F4A29CCA13D00518FB4 /* InsightData+CoreDataProperties.swift in Sources */,
				34624F4929CCA13D00518FB4 /* InsightData+CoreDataClass.swift in Sources */,
				34624F5C29D1335800518FB4 /* InsightListCardView.swift in Sources */,
				346FAD8929B718B3004CEE9B /* ContentView.swift in Sources */,
				346FAD8729B718B3004CEE9B /* InsightCaptureApp.swift in Sources */,
				34624F4529CC9FDA00518FB4 /* InsightDataModel.xcdatamodeld in Sources */,
				34624F4C29CCA22C00518FB4 /* CoreDataManager.swift in Sources */,
				34624F5329CEDD9E00518FB4 /* Insight.swift in Sources */,
				34624F4029CB300A00518FB4 /* UIColor+.swift in Sources */,
			);
			runOnlyForDeploymentPostprocessing = 0;
		};
/* End PBXSourcesBuildPhase section */

/* Begin PBXTargetDependency section */
		34624F3629CAE57D00518FB4 /* PBXTargetDependency */ = {
			isa = PBXTargetDependency;
			target = 34624F2C29CAE57D00518FB4 /* share */;
			targetProxy = 34624F3529CAE57D00518FB4 /* PBXContainerItemProxy */;
		};
/* End PBXTargetDependency section */

/* Begin PBXVariantGroup section */
		34624F3129CAE57D00518FB4 /* MainInterface.storyboard */ = {
			isa = PBXVariantGroup;
			children = (
				34624F3229CAE57D00518FB4 /* Base */,
			);
			name = MainInterface.storyboard;
			sourceTree = "<group>";
		};
/* End PBXVariantGroup section */

/* Begin XCBuildConfiguration section */
		34624F3929CAE57D00518FB4 /* Debug */ = {
			isa = XCBuildConfiguration;
			buildSettings = {
				CODE_SIGN_ENTITLEMENTS = share/share.entitlements;
				CODE_SIGN_STYLE = Automatic;
				CURRENT_PROJECT_VERSION = 1;
				DEVELOPMENT_TEAM = JPL38XBHJ4;
				GENERATE_INFOPLIST_FILE = YES;
				INFOPLIST_FILE = share/Info.plist;
				INFOPLIST_KEY_CFBundleDisplayName = share;
				INFOPLIST_KEY_NSHumanReadableCopyright = "";
				LD_RUNPATH_SEARCH_PATHS = (
					"$(inherited)",
					"@executable_path/Frameworks",
					"@executable_path/../../Frameworks",
				);
				MARKETING_VERSION = 1.0;
				PRODUCT_BUNDLE_IDENTIFIER = com.led.InsightCapture.share;
				PRODUCT_NAME = "$(TARGET_NAME)";
				SKIP_INSTALL = YES;
				SWIFT_EMIT_LOC_STRINGS = YES;
				SWIFT_VERSION = 5.0;
				TARGETED_DEVICE_FAMILY = "1,2";
			};
			name = Debug;
		};
		34624F3A29CAE57D00518FB4 /* Release */ = {
			isa = XCBuildConfiguration;
			buildSettings = {
				CODE_SIGN_ENTITLEMENTS = share/share.entitlements;
				CODE_SIGN_STYLE = Automatic;
				CURRENT_PROJECT_VERSION = 1;
				DEVELOPMENT_TEAM = JPL38XBHJ4;
				GENERATE_INFOPLIST_FILE = YES;
				INFOPLIST_FILE = share/Info.plist;
				INFOPLIST_KEY_CFBundleDisplayName = share;
				INFOPLIST_KEY_NSHumanReadableCopyright = "";
				LD_RUNPATH_SEARCH_PATHS = (
					"$(inherited)",
					"@executable_path/Frameworks",
					"@executable_path/../../Frameworks",
				);
				MARKETING_VERSION = 1.0;
				PRODUCT_BUNDLE_IDENTIFIER = com.led.InsightCapture.share;
				PRODUCT_NAME = "$(TARGET_NAME)";
				SKIP_INSTALL = YES;
				SWIFT_EMIT_LOC_STRINGS = YES;
				SWIFT_VERSION = 5.0;
				TARGETED_DEVICE_FAMILY = "1,2";
			};
			name = Release;
		};
		346FAD8F29B718B4004CEE9B /* Debug */ = {
			isa = XCBuildConfiguration;
			buildSettings = {
				ALWAYS_SEARCH_USER_PATHS = NO;
				CLANG_ANALYZER_NONNULL = YES;
				CLANG_ANALYZER_NUMBER_OBJECT_CONVERSION = YES_AGGRESSIVE;
				CLANG_CXX_LANGUAGE_STANDARD = "gnu++20";
				CLANG_ENABLE_MODULES = YES;
				CLANG_ENABLE_OBJC_ARC = YES;
				CLANG_ENABLE_OBJC_WEAK = YES;
				CLANG_WARN_BLOCK_CAPTURE_AUTORELEASING = YES;
				CLANG_WARN_BOOL_CONVERSION = YES;
				CLANG_WARN_COMMA = YES;
				CLANG_WARN_CONSTANT_CONVERSION = YES;
				CLANG_WARN_DEPRECATED_OBJC_IMPLEMENTATIONS = YES;
				CLANG_WARN_DIRECT_OBJC_ISA_USAGE = YES_ERROR;
				CLANG_WARN_DOCUMENTATION_COMMENTS = YES;
				CLANG_WARN_EMPTY_BODY = YES;
				CLANG_WARN_ENUM_CONVERSION = YES;
				CLANG_WARN_INFINITE_RECURSION = YES;
				CLANG_WARN_INT_CONVERSION = YES;
				CLANG_WARN_NON_LITERAL_NULL_CONVERSION = YES;
				CLANG_WARN_OBJC_IMPLICIT_RETAIN_SELF = YES;
				CLANG_WARN_OBJC_LITERAL_CONVERSION = YES;
				CLANG_WARN_OBJC_ROOT_CLASS = YES_ERROR;
				CLANG_WARN_QUOTED_INCLUDE_IN_FRAMEWORK_HEADER = YES;
				CLANG_WARN_RANGE_LOOP_ANALYSIS = YES;
				CLANG_WARN_STRICT_PROTOTYPES = YES;
				CLANG_WARN_SUSPICIOUS_MOVE = YES;
				CLANG_WARN_UNGUARDED_AVAILABILITY = YES_AGGRESSIVE;
				CLANG_WARN_UNREACHABLE_CODE = YES;
				CLANG_WARN__DUPLICATE_METHOD_MATCH = YES;
				COPY_PHASE_STRIP = NO;
				DEBUG_INFORMATION_FORMAT = dwarf;
				ENABLE_STRICT_OBJC_MSGSEND = YES;
				ENABLE_TESTABILITY = YES;
				GCC_C_LANGUAGE_STANDARD = gnu11;
				GCC_DYNAMIC_NO_PIC = NO;
				GCC_NO_COMMON_BLOCKS = YES;
				GCC_OPTIMIZATION_LEVEL = 0;
				GCC_PREPROCESSOR_DEFINITIONS = (
					"DEBUG=1",
					"$(inherited)",
				);
				GCC_WARN_64_TO_32_BIT_CONVERSION = YES;
				GCC_WARN_ABOUT_RETURN_TYPE = YES_ERROR;
				GCC_WARN_UNDECLARED_SELECTOR = YES;
				GCC_WARN_UNINITIALIZED_AUTOS = YES_AGGRESSIVE;
				GCC_WARN_UNUSED_FUNCTION = YES;
				GCC_WARN_UNUSED_VARIABLE = YES;
				IPHONEOS_DEPLOYMENT_TARGET = 16.2;
				MTL_ENABLE_DEBUG_INFO = INCLUDE_SOURCE;
				MTL_FAST_MATH = YES;
				ONLY_ACTIVE_ARCH = YES;
				SDKROOT = iphoneos;
				SWIFT_ACTIVE_COMPILATION_CONDITIONS = DEBUG;
				SWIFT_OPTIMIZATION_LEVEL = "-Onone";
			};
			name = Debug;
		};
		346FAD9029B718B4004CEE9B /* Release */ = {
			isa = XCBuildConfiguration;
			buildSettings = {
				ALWAYS_SEARCH_USER_PATHS = NO;
				CLANG_ANALYZER_NONNULL = YES;
				CLANG_ANALYZER_NUMBER_OBJECT_CONVERSION = YES_AGGRESSIVE;
				CLANG_CXX_LANGUAGE_STANDARD = "gnu++20";
				CLANG_ENABLE_MODULES = YES;
				CLANG_ENABLE_OBJC_ARC = YES;
				CLANG_ENABLE_OBJC_WEAK = YES;
				CLANG_WARN_BLOCK_CAPTURE_AUTORELEASING = YES;
				CLANG_WARN_BOOL_CONVERSION = YES;
				CLANG_WARN_COMMA = YES;
				CLANG_WARN_CONSTANT_CONVERSION = YES;
				CLANG_WARN_DEPRECATED_OBJC_IMPLEMENTATIONS = YES;
				CLANG_WARN_DIRECT_OBJC_ISA_USAGE = YES_ERROR;
				CLANG_WARN_DOCUMENTATION_COMMENTS = YES;
				CLANG_WARN_EMPTY_BODY = YES;
				CLANG_WARN_ENUM_CONVERSION = YES;
				CLANG_WARN_INFINITE_RECURSION = YES;
				CLANG_WARN_INT_CONVERSION = YES;
				CLANG_WARN_NON_LITERAL_NULL_CONVERSION = YES;
				CLANG_WARN_OBJC_IMPLICIT_RETAIN_SELF = YES;
				CLANG_WARN_OBJC_LITERAL_CONVERSION = YES;
				CLANG_WARN_OBJC_ROOT_CLASS = YES_ERROR;
				CLANG_WARN_QUOTED_INCLUDE_IN_FRAMEWORK_HEADER = YES;
				CLANG_WARN_RANGE_LOOP_ANALYSIS = YES;
				CLANG_WARN_STRICT_PROTOTYPES = YES;
				CLANG_WARN_SUSPICIOUS_MOVE = YES;
				CLANG_WARN_UNGUARDED_AVAILABILITY = YES_AGGRESSIVE;
				CLANG_WARN_UNREACHABLE_CODE = YES;
				CLANG_WARN__DUPLICATE_METHOD_MATCH = YES;
				COPY_PHASE_STRIP = NO;
				DEBUG_INFORMATION_FORMAT = "dwarf-with-dsym";
				ENABLE_NS_ASSERTIONS = NO;
				ENABLE_STRICT_OBJC_MSGSEND = YES;
				GCC_C_LANGUAGE_STANDARD = gnu11;
				GCC_NO_COMMON_BLOCKS = YES;
				GCC_WARN_64_TO_32_BIT_CONVERSION = YES;
				GCC_WARN_ABOUT_RETURN_TYPE = YES_ERROR;
				GCC_WARN_UNDECLARED_SELECTOR = YES;
				GCC_WARN_UNINITIALIZED_AUTOS = YES_AGGRESSIVE;
				GCC_WARN_UNUSED_FUNCTION = YES;
				GCC_WARN_UNUSED_VARIABLE = YES;
				IPHONEOS_DEPLOYMENT_TARGET = 16.2;
				MTL_ENABLE_DEBUG_INFO = NO;
				MTL_FAST_MATH = YES;
				SDKROOT = iphoneos;
				SWIFT_COMPILATION_MODE = wholemodule;
				SWIFT_OPTIMIZATION_LEVEL = "-O";
				VALIDATE_PRODUCT = YES;
			};
			name = Release;
		};
		346FAD9229B718B4004CEE9B /* Debug */ = {
			isa = XCBuildConfiguration;
			buildSettings = {
				ALWAYS_EMBED_SWIFT_STANDARD_LIBRARIES = YES;
				ASSETCATALOG_COMPILER_APPICON_NAME = AppIcon;
				ASSETCATALOG_COMPILER_GLOBAL_ACCENT_COLOR_NAME = AccentColor;
				CODE_SIGN_ENTITLEMENTS = InsightCapture/InsightCapture.entitlements;
				CODE_SIGN_STYLE = Automatic;
				CURRENT_PROJECT_VERSION = 1;
				DEVELOPMENT_ASSET_PATHS = "\"InsightCapture/Preview Content\"";
				DEVELOPMENT_TEAM = JPL38XBHJ4;
				ENABLE_PREVIEWS = YES;
				GENERATE_INFOPLIST_FILE = YES;
				INFOPLIST_FILE = InsightCapture/Info.plist;
				INFOPLIST_KEY_UIApplicationSceneManifest_Generation = YES;
				INFOPLIST_KEY_UIApplicationSupportsIndirectInputEvents = YES;
				INFOPLIST_KEY_UILaunchScreen_Generation = YES;
				INFOPLIST_KEY_UISupportedInterfaceOrientations_iPad = "UIInterfaceOrientationPortrait UIInterfaceOrientationPortraitUpsideDown UIInterfaceOrientationLandscapeLeft UIInterfaceOrientationLandscapeRight";
				INFOPLIST_KEY_UISupportedInterfaceOrientations_iPhone = "UIInterfaceOrientationPortrait UIInterfaceOrientationLandscapeLeft UIInterfaceOrientationLandscapeRight";
				IPHONEOS_DEPLOYMENT_TARGET = 16.0;
				LD_RUNPATH_SEARCH_PATHS = (
					"$(inherited)",
					"@executable_path/Frameworks",
				);
				MARKETING_VERSION = 1.0;
				PRODUCT_BUNDLE_IDENTIFIER = com.led.InsightCapture;
				PRODUCT_NAME = "$(TARGET_NAME)";
				SWIFT_EMIT_LOC_STRINGS = YES;
				SWIFT_VERSION = 5.0;
				TARGETED_DEVICE_FAMILY = "1,2";
			};
			name = Debug;
		};
		346FAD9329B718B4004CEE9B /* Release */ = {
			isa = XCBuildConfiguration;
			buildSettings = {
				ALWAYS_EMBED_SWIFT_STANDARD_LIBRARIES = YES;
				ASSETCATALOG_COMPILER_APPICON_NAME = AppIcon;
				ASSETCATALOG_COMPILER_GLOBAL_ACCENT_COLOR_NAME = AccentColor;
				CODE_SIGN_ENTITLEMENTS = InsightCapture/InsightCapture.entitlements;
				CODE_SIGN_STYLE = Automatic;
				CURRENT_PROJECT_VERSION = 1;
				DEVELOPMENT_ASSET_PATHS = "\"InsightCapture/Preview Content\"";
				DEVELOPMENT_TEAM = JPL38XBHJ4;
				ENABLE_PREVIEWS = YES;
				GENERATE_INFOPLIST_FILE = YES;
				INFOPLIST_FILE = InsightCapture/Info.plist;
				INFOPLIST_KEY_UIApplicationSceneManifest_Generation = YES;
				INFOPLIST_KEY_UIApplicationSupportsIndirectInputEvents = YES;
				INFOPLIST_KEY_UILaunchScreen_Generation = YES;
				INFOPLIST_KEY_UISupportedInterfaceOrientations_iPad = "UIInterfaceOrientationPortrait UIInterfaceOrientationPortraitUpsideDown UIInterfaceOrientationLandscapeLeft UIInterfaceOrientationLandscapeRight";
				INFOPLIST_KEY_UISupportedInterfaceOrientations_iPhone = "UIInterfaceOrientationPortrait UIInterfaceOrientationLandscapeLeft UIInterfaceOrientationLandscapeRight";
				IPHONEOS_DEPLOYMENT_TARGET = 16.0;
				LD_RUNPATH_SEARCH_PATHS = (
					"$(inherited)",
					"@executable_path/Frameworks",
				);
				MARKETING_VERSION = 1.0;
				PRODUCT_BUNDLE_IDENTIFIER = com.led.InsightCapture;
				PRODUCT_NAME = "$(TARGET_NAME)";
				SWIFT_EMIT_LOC_STRINGS = YES;
				SWIFT_VERSION = 5.0;
				TARGETED_DEVICE_FAMILY = "1,2";
			};
			name = Release;
		};
/* End XCBuildConfiguration section */

/* Begin XCConfigurationList section */
		34624F3B29CAE57D00518FB4 /* Build configuration list for PBXNativeTarget "share" */ = {
			isa = XCConfigurationList;
			buildConfigurations = (
				34624F3929CAE57D00518FB4 /* Debug */,
				34624F3A29CAE57D00518FB4 /* Release */,
			);
			defaultConfigurationIsVisible = 0;
			defaultConfigurationName = Release;
		};
		346FAD7E29B718B3004CEE9B /* Build configuration list for PBXProject "InsightCapture" */ = {
			isa = XCConfigurationList;
			buildConfigurations = (
				346FAD8F29B718B4004CEE9B /* Debug */,
				346FAD9029B718B4004CEE9B /* Release */,
			);
			defaultConfigurationIsVisible = 0;
			defaultConfigurationName = Release;
		};
		346FAD9129B718B4004CEE9B /* Build configuration list for PBXNativeTarget "InsightCapture" */ = {
			isa = XCConfigurationList;
			buildConfigurations = (
				346FAD9229B718B4004CEE9B /* Debug */,
				346FAD9329B718B4004CEE9B /* Release */,
			);
			defaultConfigurationIsVisible = 0;
			defaultConfigurationName = Release;
		};
/* End XCConfigurationList section */

/* Begin XCRemoteSwiftPackageReference section */
		34624F0E29C1C11400518FB4 /* XCRemoteSwiftPackageReference "SnapKit" */ = {
			isa = XCRemoteSwiftPackageReference;
			repositoryURL = "https://github.com/SnapKit/SnapKit";
			requirement = {
				branch = develop;
				kind = branch;
			};
		};
/* End XCRemoteSwiftPackageReference section */

/* Begin XCSwiftPackageProductDependency section */
		34624F0F29C1C11400518FB4 /* SnapKit */ = {
			isa = XCSwiftPackageProductDependency;
			package = 34624F0E29C1C11400518FB4 /* XCRemoteSwiftPackageReference "SnapKit" */;
			productName = SnapKit;
		};
		34624F3C29CAE61000518FB4 /* SnapKit */ = {
			isa = XCSwiftPackageProductDependency;
			package = 34624F0E29C1C11400518FB4 /* XCRemoteSwiftPackageReference "SnapKit" */;
			productName = SnapKit;
		};
/* End XCSwiftPackageProductDependency section */

/* Begin XCVersionGroup section */
		34624F4329CC9FDA00518FB4 /* InsightDataModel.xcdatamodeld */ = {
			isa = XCVersionGroup;
			children = (
				34624F4429CC9FDA00518FB4 /* InsightDataModel.xcdatamodel */,
			);
			currentVersion = 34624F4429CC9FDA00518FB4 /* InsightDataModel.xcdatamodel */;
			path = InsightDataModel.xcdatamodeld;
			sourceTree = "<group>";
			versionGroupType = wrapper.xcdatamodel;
		};
/* End XCVersionGroup section */
	};
	rootObject = 346FAD7B29B718B3004CEE9B /* Project object */;
}
